
Microsoft Visual Studio Solution File, Format Version 12.00
# Visual Studio Version 17
VisualStudioVersion = 17.13.35818.85 d17.13
MinimumVisualStudioVersion = 10.0.40219.1
Project("{FAE04EC0-301F-11D3-BF4B-00C04F79EFBC}") = "MusicDownloaderAPI", "MusicDownloaderAPI.csproj", "{3380AB23-61C1-4855-8E93-E82AD6DD421D}"
EndProject
Global
	GlobalSection(SolutionConfigurationPlatforms) = preSolution
		Debug|Any CPU = Debug|Any CPU
		Release|Any CPU = Release|Any CPU
	EndGlobalSection
	GlobalSection(ProjectConfigurationPlatforms) = postSolution
		{3380AB23-61C1-4855-8E93-E82AD6DD421D}.Debug|Any CPU.ActiveCfg = Debug|Any CPU
		{3380AB23-61C1-4855-8E93-E82AD6DD421D}.Debug|Any CPU.Build.0 = Debug|Any CPU
		{3380AB23-61C1-4855-8E93-E82AD6DD421D}.Release|Any CPU.ActiveCfg = Release|Any CPU
		{3380AB23-61C1-4855-8E93-E82AD6DD421D}.Release|Any CPU.Build.0 = Release|Any CPU
	EndGlobalSection
	GlobalSection(SolutionProperties) = preSolution
		HideSolutionNode = FALSE
	EndGlobalSection
	GlobalSection(ExtensibilityGlobals) = postSolution
		SolutionGuid = {3C8752E8-AFE5-4695-B11D-E9D0687BE053}
	EndGlobalSection
EndGlobal
